
Microsoft Visual Studio Solution File, Format Version 12.00
# Visual Studio Version 17
VisualStudioVersion = 17.13.35818.85 d17.13
MinimumVisualStudioVersion = 10.0.40219.1
Project("{FAE04EC0-301F-11D3-BF4B-00C04F79EFBC}") = "tpmodul4_103022300053", "tpmodul4_103022300053\tpmodul4_103022300053.csproj", "{93B3C190-D578-4149-8385-DA1FCBFBEAAB}"
EndProject
Global
	GlobalSection(SolutionConfigurationPlatforms) = preSolution
		Debug|Any CPU = Debug|Any CPU
		Release|Any CPU = Release|Any CPU
	EndGlobalSection
	GlobalSection(ProjectConfigurationPlatforms) = postSolution
		{93B3C190-D578-4149-8385-DA1FCBFBEAAB}.Debug|Any CPU.ActiveCfg = Debug|Any CPU
		{93B3C190-D578-4149-8385-DA1FCBFBEAAB}.Debug|Any CPU.Build.0 = Debug|Any CPU
		{93B3C190-D578-4149-8385-DA1FCBFBEAAB}.Release|Any CPU.ActiveCfg = Release|Any CPU
		{93B3C190-D578-4149-8385-DA1FCBFBEAAB}.Release|Any CPU.Build.0 = Release|Any CPU
	EndGlobalSection
	GlobalSection(SolutionProperties) = preSolution
		HideSolutionNode = FALSE
	EndGlobalSection
	GlobalSection(ExtensibilityGlobals) = postSolution
		SolutionGuid = {840EE68A-33FE-4CB8-A17B-C26A06E8C91E}
	EndGlobalSection
EndGlobal
